# This file is automatically @generated by Poetry 1.5.1 and should not be changed by hand.

[[package]]
name = "auto-mix-prep"
version = "0.2.0"
description = "Application for automatically preparing stems for mixing."
optional = false
python-versions = "*"
files = [
    {file = "auto-mix-prep-0.2.0.tar.gz", hash = "sha256:5e7d9c6e3fd73c49bf22a216e04d7249d529d8822f5ee3d25f3dcf6c982a92d6"},
]

[package.dependencies]
pydub = "*"

[[package]]
name = "gnureadline"
version = "8.1.2"
description = "The standard Python readline extension statically linked against the GNU readline library."
optional = false
python-versions = "*"
files = [
    {file = "gnureadline-8.1.2-cp310-cp310-macosx_10_9_universal2.whl", hash = "sha256:861936c9b362d96152af2d73ccb6f3e901e70f0e4a2e7e62f4e226e91d349edb"},
    {file = "gnureadline-8.1.2-cp310-cp310-macosx_10_9_x86_64.whl", hash = "sha256:2ce5c49ecc54e1df0193e90422806a5940f908553206689aeaa04bc959d3aa9a"},
    {file = "gnureadline-8.1.2-cp310-cp310-macosx_11_0_arm64.whl", hash = "sha256:2753aa1e46b4260b38da424c6a7da7a3ddac161a0b4e6fb71c1093e9ef3d2e73"},
    {file = "gnureadline-8.1.2-cp310-cp310-manylinux_2_17_aarch64.manylinux2014_aarch64.whl", hash = "sha256:deb921c2cbc14671bb81f3f33d9363a9d0720203b5d716baee32e51c399e914b"},
    {file = "gnureadline-8.1.2-cp310-cp310-manylinux_2_17_x86_64.manylinux2014_x86_64.whl", hash = "sha256:1e3a8aaf1d61d351c16ad2d3425caf5768603ff5d0e86ba61da9b8756bdd1b95"},
    {file = "gnureadline-8.1.2-cp311-cp311-macosx_10_9_universal2.whl", hash = "sha256:aa29a18594277ea691f92b0c6627d594c0f3387a6685e2e42038ab3f718c794e"},
    {file = "gnureadline-8.1.2-cp311-cp311-macosx_10_9_x86_64.whl", hash = "sha256:c1bcb32e3b63442570d6425055aa6d5c3b6e8b09b9c7d1f8333e70203166a5a3"},
    {file = "gnureadline-8.1.2-cp311-cp311-macosx_11_0_arm64.whl", hash = "sha256:74f2538ac15ff4ef9534823abdef077bb34c7dd343e204a36d978f09e168462f"},
    {file = "gnureadline-8.1.2-cp311-cp311-manylinux_2_17_aarch64.manylinux2014_aarch64.whl", hash = "sha256:3903cba2987d42340f1d85c38d3780e954c95e64bfe1839002c7818aa63f8ac3"},
    {file = "gnureadline-8.1.2-cp311-cp311-manylinux_2_17_x86_64.manylinux2014_x86_64.whl", hash = "sha256:8c4690d6c89dbead0958b19263ae67ef995e6109d6bc880cb0e40720cb1ba301"},
    {file = "gnureadline-8.1.2-cp36-cp36m-macosx_10_9_x86_64.whl", hash = "sha256:72da8bac1eb24b6c8237a33d7019a3f004a3d5ba867337175ed764831d9a2c99"},
    {file = "gnureadline-8.1.2-cp36-cp36m-manylinux_2_17_aarch64.manylinux2014_aarch64.whl", hash = "sha256:de3d8ea66f1b5d00ed843b8925fc07476b8c838c38e584af8639c6a976a43d08"},
    {file = "gnureadline-8.1.2-cp36-cp36m-manylinux_2_17_x86_64.manylinux2014_x86_64.whl", hash = "sha256:194bafa818d0fc3d46f8d71a8811a297a493c1264d3e2d0a71b1b1ff05f8fc15"},
    {file = "gnureadline-8.1.2-cp37-cp37m-macosx_10_9_x86_64.whl", hash = "sha256:49df5a432e4ff39cee1b0632c6d0e5fb304757113e502d70b50e33d9ffa47372"},
    {file = "gnureadline-8.1.2-cp37-cp37m-manylinux_2_17_aarch64.manylinux2014_aarch64.whl", hash = "sha256:e84e903de1514043e6a22866a1973c2ad5f5717f78e9d54e4d6809c48fbd3d81"},
    {file = "gnureadline-8.1.2-cp37-cp37m-manylinux_2_17_x86_64.manylinux2014_x86_64.whl", hash = "sha256:b422ff3a78e281ee2e19b0eff70efa48396284bbefa86b83438d668ea9d038a3"},
    {file = "gnureadline-8.1.2-cp38-cp38-macosx_10_9_universal2.whl", hash = "sha256:264f22e865975a3c2ac1183f431dddd8ff7de5a645b89a801c6a276d800f49f3"},
    {file = "gnureadline-8.1.2-cp38-cp38-macosx_10_9_x86_64.whl", hash = "sha256:c7971653083a48049abd52baa9c8c0188aee362e7b2dd236fe51ecd4e6bc9bbe"},
    {file = "gnureadline-8.1.2-cp38-cp38-macosx_11_0_arm64.whl", hash = "sha256:4ad9b10409d969ba42acbf89e58352cf3043a5155c2ee677d061e292336b5479"},
    {file = "gnureadline-8.1.2-cp38-cp38-manylinux_2_17_aarch64.manylinux2014_aarch64.whl", hash = "sha256:ecdc4368bd2f7ae9a22de31b024455222082cb49b98ee69ffd0a59734bf648e1"},
    {file = "gnureadline-8.1.2-cp38-cp38-manylinux_2_17_x86_64.manylinux2014_x86_64.whl", hash = "sha256:5fde3e6417d9004381e8e9835e0a89d81d2d77eeace9364d2e3d9fb64054d449"},
    {file = "gnureadline-8.1.2-cp39-cp39-macosx_10_9_universal2.whl", hash = "sha256:17a651e0c49d4b44e8ccf8992edc5a544e33ed9695d3b940ef002858c2215744"},
    {file = "gnureadline-8.1.2-cp39-cp39-macosx_10_9_x86_64.whl", hash = "sha256:2816bac8be6bc0e3aa2301acac76e308137eeef1b618c9e0c95c1f89a139a4d8"},
    {file = "gnureadline-8.1.2-cp39-cp39-macosx_11_0_arm64.whl", hash = "sha256:c402bc6e107beb015ae18c3d2e11f28375f049e464423ead88b35affe80f9be0"},
    {file = "gnureadline-8.1.2-cp39-cp39-manylinux_2_17_aarch64.manylinux2014_aarch64.whl", hash = "sha256:33ea248385e0d87a3fada38c9164a5756861aa59d6ee010c8be30eeb41f41b49"},
    {file = "gnureadline-8.1.2-cp39-cp39-manylinux_2_17_x86_64.manylinux2014_x86_64.whl", hash = "sha256:5e1e2d34b0c4ad81c7b00019fafa6de2faf6969c55fa58229e26267cae34047e"},
    {file = "gnureadline-8.1.2.tar.gz", hash = "sha256:4262a6aa356ab22ef642f43a7f94eb42a72d6f0c532edb4e8c6b933f573056d2"},
]

[[package]]
name = "pydub"
version = "0.25.1"
description = "Manipulate audio with an simple and easy high level interface"
optional = false
python-versions = "*"
files = [
    {file = "pydub-0.25.1-py2.py3-none-any.whl", hash = "sha256:65617e33033874b59d87db603aa1ed450633288aefead953b30bded59cb599a6"},
    {file = "pydub-0.25.1.tar.gz", hash = "sha256:980a33ce9949cab2a569606b65674d748ecbca4f0796887fd6f46173a7b0d30f"},
]

[[package]]
name = "pyreadline"
version = "2.1"
description = "A python implmementation of GNU readline."
optional = false
python-versions = "*"
files = [
    {file = "pyreadline-2.1.zip", hash = "sha256:4530592fc2e85b25b1a9f79664433da09237c1a270e4d78ea5aa3a2c7229e2d1"},
]

[[package]]
name = "pyreadline3"
version = "3.4.1"
description = "A python implementation of GNU readline."
optional = false
python-versions = "*"
files = [
    {file = "pyreadline3-3.4.1-py3-none-any.whl", hash = "sha256:b0efb6516fd4fb07b45949053826a62fa4cb353db5be2bbb4a7aa1fdd1e345fb"},
    {file = "pyreadline3-3.4.1.tar.gz", hash = "sha256:6f3d1f7b8a31ba32b73917cefc1f28cc660562f39aea8646d30bd6eff21f7bae"},
]

[metadata]
lock-version = "2.0"
python-versions = ">=3.10.0,<3.11"
content-hash = "a76266b0a75a15846114b1f6d9291d082f143fd4fa3de21b39b0d46185a3c193"
